// !$*UTF8*$!
{
	archiveVersion = 1;
	classes = {
	};
	objectVersion = 46;
	objects = {

/* Begin PBXBuildFile section */
		1C36947250DCB09A8A375C0C /* ofxXmlPoco.cpp in Sources */ = {isa = PBXBuildFile; fileRef = E9998694E5001F9CF0B13BF0 /* ofxXmlPoco.cpp */; };
		DBD8FC18048834FE22DB0E74 /* jsonxx.cc in Sources */ = {isa = PBXBuildFile; fileRef = 836E9389FCB0137636BF9C64 /* jsonxx.cc */; };
		E4328149138ABC9F0047C5CB /* openFrameworksDebug.a in Frameworks */ = {isa = PBXBuildFile; fileRef = E4328148138ABC890047C5CB /* openFrameworksDebug.a */; };
		E4B69E210A3A1BDC003C02F2 /* ofApp.cpp in Sources */ = {isa = PBXBuildFile; fileRef = E4B69E1E0A3A1BDC003C02F2 /* ofApp.cpp */; };
/* End PBXBuildFile section */

/* Begin PBXContainerItemProxy section */
		E4328147138ABC890047C5CB /* PBXContainerItemProxy */ = {
			isa = PBXContainerItemProxy;
			containerPortal = E4328143138ABC890047C5CB /* openFrameworksLib.xcodeproj */;
			proxyType = 2;
			remoteGlobalIDString = E4B27C1510CBEB8E00536013;
			remoteInfo = openFrameworks;
		};
		E4EEB9AB138B136A00A80321 /* PBXContainerItemProxy */ = {
			isa = PBXContainerItemProxy;
			containerPortal = E4328143138ABC890047C5CB /* openFrameworksLib.xcodeproj */;
			proxyType = 1;
			remoteGlobalIDString = E4B27C1410CBEB8E00536013;
			remoteInfo = openFrameworks;
		};
/* End PBXContainerItemProxy section */

/* Begin PBXCopyFilesBuildPhase section */
		E4C2427710CC5ABF004149E2 /* CopyFiles */ = {
			isa = PBXCopyFilesBuildPhase;
			buildActionMask = 2147483647;
			dstPath = "";
			dstSubfolderSpec = 10;
			files = (
			);
			runOnlyForDeploymentPostprocessing = 0;
		};
/* End PBXCopyFilesBuildPhase section */

/* Begin PBXFileReference section */
		0B26945A52EE3207EE20D083 /* buffer.h */ = {isa = PBXFileReference; explicitFileType = sourcecode.c.h; fileEncoding = 4; name = buffer.h; path = ../../../addons/ofxPoco/libs/openssl/include/openssl/buffer.h; sourceTree = SOURCE_ROOT; };
		0ED9E7E17E11365C9F07BC90 /* symhacks.h */ = {isa = PBXFileReference; explicitFileType = sourcecode.c.h; fileEncoding = 4; name = symhacks.h; path = ../../../addons/ofxPoco/libs/openssl/include/openssl/symhacks.h; sourceTree = SOURCE_ROOT; };
		101E00135DD5F4A88AA3119E /* rc2.h */ = {isa = PBXFileReference; explicitFileType = sourcecode.c.h; fileEncoding = 4; name = rc2.h; path = ../../../addons/ofxPoco/libs/openssl/include/openssl/rc2.h; sourceTree = SOURCE_ROOT; };
		139B5E83C7DA63BC5C5F6D9D /* Shader.h */ = {isa = PBXFileReference; explicitFileType = sourcecode.c.h; fileEncoding = 4; name = Shader.h; path = ../../../addons/ofxISF/src/ofxISF/Shader.h; sourceTree = SOURCE_ROOT; };
		16D8E1844A44453A0C287E72 /* ssl.h */ = {isa = PBXFileReference; explicitFileType = sourcecode.c.h; fileEncoding = 4; name = ssl.h; path = ../../../addons/ofxPoco/libs/openssl/include/openssl/ssl.h; sourceTree = SOURCE_ROOT; };
		17006150745E007FA32014F5 /* modes.h */ = {isa = PBXFileReference; explicitFileType = sourcecode.c.h; fileEncoding = 4; name = modes.h; path = ../../../addons/ofxPoco/libs/openssl/include/openssl/modes.h; sourceTree = SOURCE_ROOT; };
		1AEDCF9A6D7A9C81A1FFFB82 /* cmac.h */ = {isa = PBXFileReference; explicitFileType = sourcecode.c.h; fileEncoding = 4; name = cmac.h; path = ../../../addons/ofxPoco/libs/openssl/include/openssl/cmac.h; sourceTree = SOURCE_ROOT; };
		1C0972A2A90100E10C49938E /* rsa.h */ = {isa = PBXFileReference; explicitFileType = sourcecode.c.h; fileEncoding = 4; name = rsa.h; path = ../../../addons/ofxPoco/libs/openssl/include/openssl/rsa.h; sourceTree = SOURCE_ROOT; };
		1D548216CC2978215BFDAC85 /* engine.h */ = {isa = PBXFileReference; explicitFileType = sourcecode.c.h; fileEncoding = 4; name = engine.h; path = ../../../addons/ofxPoco/libs/openssl/include/openssl/engine.h; sourceTree = SOURCE_ROOT; };
		26FD7792D0FC0533A46C4B0D /* comp.h */ = {isa = PBXFileReference; explicitFileType = sourcecode.c.h; fileEncoding = 4; name = comp.h; path = ../../../addons/ofxPoco/libs/openssl/include/openssl/comp.h; sourceTree = SOURCE_ROOT; };
		2A20F45E8472AF83015D687B /* ec.h */ = {isa = PBXFileReference; explicitFileType = sourcecode.c.h; fileEncoding = 4; name = ec.h; path = ../../../addons/ofxPoco/libs/openssl/include/openssl/ec.h; sourceTree = SOURCE_ROOT; };
		2A61AA76A834926F81F48ADC /* async.h */ = {isa = PBXFileReference; explicitFileType = sourcecode.c.h; fileEncoding = 4; name = async.h; path = ../../../addons/ofxPoco/libs/openssl/include/openssl/async.h; sourceTree = SOURCE_ROOT; };
		2A8E6EE70DD635A657EEEC99 /* x509v3.h */ = {isa = PBXFileReference; explicitFileType = sourcecode.c.h; fileEncoding = 4; name = x509v3.h; path = ../../../addons/ofxPoco/libs/openssl/include/openssl/x509v3.h; sourceTree = SOURCE_ROOT; };
		2D45A496EFB9F361A92C1F2A /* ct.h */ = {isa = PBXFileReference; explicitFileType = sourcecode.c.h; fileEncoding = 4; name = ct.h; path = ../../../addons/ofxPoco/libs/openssl/include/openssl/ct.h; sourceTree = SOURCE_ROOT; };
		3196BB02FD710583AD1E8682 /* opensslconf_osx.h */ = {isa = PBXFileReference; explicitFileType = sourcecode.c.h; fileEncoding = 4; name = opensslconf_osx.h; path = ../../../addons/ofxPoco/libs/openssl/include/openssl/opensslconf_osx.h; sourceTree = SOURCE_ROOT; };
		355218D9B12A28AD4F099029 /* txt_db.h */ = {isa = PBXFileReference; explicitFileType = sourcecode.c.h; fileEncoding = 4; name = txt_db.h; path = ../../../addons/ofxPoco/libs/openssl/include/openssl/txt_db.h; sourceTree = SOURCE_ROOT; };
		37A00AAE55CA7B437073B0C9 /* bio.h */ = {isa = PBXFileReference; explicitFileType = sourcecode.c.h; fileEncoding = 4; name = bio.h; path = ../../../addons/ofxPoco/libs/openssl/include/openssl/bio.h; sourceTree = SOURCE_ROOT; };
		3F9F5D5E3A4CDE45682F38E2 /* sha.h */ = {isa = PBXFileReference; explicitFileType = sourcecode.c.h; fileEncoding = 4; name = sha.h; path = ../../../addons/ofxPoco/libs/openssl/include/openssl/sha.h; sourceTree = SOURCE_ROOT; };
		3FED4C887C37A3FD70D004E8 /* ui.h */ = {isa = PBXFileReference; explicitFileType = sourcecode.c.h; fileEncoding = 4; name = ui.h; path = ../../../addons/ofxPoco/libs/openssl/include/openssl/ui.h; sourceTree = SOURCE_ROOT; };
		40F8AFFCAB8F69A35DA9FD2A /* ssl3.h */ = {isa = PBXFileReference; explicitFileType = sourcecode.c.h; fileEncoding = 4; name = ssl3.h; path = ../../../addons/ofxPoco/libs/openssl/include/openssl/ssl3.h; sourceTree = SOURCE_ROOT; };
		413E48C985AFC06586413FB9 /* pkcs7.h */ = {isa = PBXFileReference; explicitFileType = sourcecode.c.h; fileEncoding = 4; name = pkcs7.h; path = ../../../addons/ofxPoco/libs/openssl/include/openssl/pkcs7.h; sourceTree = SOURCE_ROOT; };
		48488C30B00CB661FCF994D8 /* Constants.h */ = {isa = PBXFileReference; explicitFileType = sourcecode.c.h; fileEncoding = 4; name = Constants.h; path = ../../../addons/ofxISF/src/ofxISF/Constants.h; sourceTree = SOURCE_ROOT; };
		4882CC26D63610292CFADBE9 /* cms.h */ = {isa = PBXFileReference; explicitFileType = sourcecode.c.h; fileEncoding = 4; name = cms.h; path = ../../../addons/ofxPoco/libs/openssl/include/openssl/cms.h; sourceTree = SOURCE_ROOT; };
		490DE03DA72EE341B37B4BBB /* conf_api.h */ = {isa = PBXFileReference; explicitFileType = sourcecode.c.h; fileEncoding = 4; name = conf_api.h; path = ../../../addons/ofxPoco/libs/openssl/include/openssl/conf_api.h; sourceTree = SOURCE_ROOT; };
		4A941E617512F1E87E294653 /* x509_vfy.h */ = {isa = PBXFileReference; explicitFileType = sourcecode.c.h; fileEncoding = 4; name = x509_vfy.h; path = ../../../addons/ofxPoco/libs/openssl/include/openssl/x509_vfy.h; sourceTree = SOURCE_ROOT; };
		4BF97AC133A743F7D2E222B6 /* bn.h */ = {isa = PBXFileReference; explicitFileType = sourcecode.c.h; fileEncoding = 4; name = bn.h; path = ../../../addons/ofxPoco/libs/openssl/include/openssl/bn.h; sourceTree = SOURCE_ROOT; };
		5565E3718DB1D46F1214EBFC /* md2.h */ = {isa = PBXFileReference; explicitFileType = sourcecode.c.h; fileEncoding = 4; name = md2.h; path = ../../../addons/ofxPoco/libs/openssl/include/openssl/md2.h; sourceTree = SOURCE_ROOT; };
		56DAF0A34EFCF5E2A5E60386 /* rand.h */ = {isa = PBXFileReference; explicitFileType = sourcecode.c.h; fileEncoding = 4; name = rand.h; path = ../../../addons/ofxPoco/libs/openssl/include/openssl/rand.h; sourceTree = SOURCE_ROOT; };
		5749F2535EC575188CD8B7EA /* md5.h */ = {isa = PBXFileReference; explicitFileType = sourcecode.c.h; fileEncoding = 4; name = md5.h; path = ../../../addons/ofxPoco/libs/openssl/include/openssl/md5.h; sourceTree = SOURCE_ROOT; };
		5CAABABC5D465FF3E4FDBAA0 /* ssl2.h */ = {isa = PBXFileReference; explicitFileType = sourcecode.c.h; fileEncoding = 4; name = ssl2.h; path = ../../../addons/ofxPoco/libs/openssl/include/openssl/ssl2.h; sourceTree = SOURCE_ROOT; };
		5D05C2B0CBAFC3F9F2F693AF /* tls1.h */ = {isa = PBXFileReference; explicitFileType = sourcecode.c.h; fileEncoding = 4; name = tls1.h; path = ../../../addons/ofxPoco/libs/openssl/include/openssl/tls1.h; sourceTree = SOURCE_ROOT; };
		61A673E0354F5DD23699802A /* ebcdic.h */ = {isa = PBXFileReference; explicitFileType = sourcecode.c.h; fileEncoding = 4; name = ebcdic.h; path = ../../../addons/ofxPoco/libs/openssl/include/openssl/ebcdic.h; sourceTree = SOURCE_ROOT; };
		61CC1A2E0CC17BE6CE4A68F7 /* conf.h */ = {isa = PBXFileReference; explicitFileType = sourcecode.c.h; fileEncoding = 4; name = conf.h; path = ../../../addons/ofxPoco/libs/openssl/include/openssl/conf.h; sourceTree = SOURCE_ROOT; };
		64D45D3FC56C30943AC64D5E /* aes.h */ = {isa = PBXFileReference; explicitFileType = sourcecode.c.h; fileEncoding = 4; name = aes.h; path = ../../../addons/ofxPoco/libs/openssl/include/openssl/aes.h; sourceTree = SOURCE_ROOT; };
		67AD080A2A62A398BC832D7A /* evp.h */ = {isa = PBXFileReference; explicitFileType = sourcecode.c.h; fileEncoding = 4; name = evp.h; path = ../../../addons/ofxPoco/libs/openssl/include/openssl/evp.h; sourceTree = SOURCE_ROOT; };
		6B4197F8EF581E2F00041258 /* hmac.h */ = {isa = PBXFileReference; explicitFileType = sourcecode.c.h; fileEncoding = 4; name = hmac.h; path = ../../../addons/ofxPoco/libs/openssl/include/openssl/hmac.h; sourceTree = SOURCE_ROOT; };
		6FAF79F4AD0DC48C239A0E3E /* idea.h */ = {isa = PBXFileReference; explicitFileType = sourcecode.c.h; fileEncoding = 4; name = idea.h; path = ../../../addons/ofxPoco/libs/openssl/include/openssl/idea.h; sourceTree = SOURCE_ROOT; };
		7200EB1EC64977ED08AC0111 /* ofxXmlPoco.h */ = {isa = PBXFileReference; explicitFileType = sourcecode.c.h; fileEncoding = 4; name = ofxXmlPoco.h; path = ../../../addons/ofxPoco/src/ofxXmlPoco.h; sourceTree = SOURCE_ROOT; };
		773AA38F169F9C1E793528DC /* lhash.h */ = {isa = PBXFileReference; explicitFileType = sourcecode.c.h; fileEncoding = 4; name = lhash.h; path = ../../../addons/ofxPoco/libs/openssl/include/openssl/lhash.h; sourceTree = SOURCE_ROOT; };
		7A6C877B8EC4F7438DED9FB4 /* ecdh.h */ = {isa = PBXFileReference; explicitFileType = sourcecode.c.h; fileEncoding = 4; name = ecdh.h; path = ../../../addons/ofxPoco/libs/openssl/include/openssl/ecdh.h; sourceTree = SOURCE_ROOT; };
		7D3A8C6EA022F43F7B57C119 /* pkcs12.h */ = {isa = PBXFileReference; explicitFileType = sourcecode.c.h; fileEncoding = 4; name = pkcs12.h; path = ../../../addons/ofxPoco/libs/openssl/include/openssl/pkcs12.h; sourceTree = SOURCE_ROOT; };
		836E9389FCB0137636BF9C64 /* jsonxx.cc */ = {isa = PBXFileReference; explicitFileType = sourcecode.cpp.cpp; fileEncoding = 4; name = jsonxx.cc; path = ../../../addons/ofxISF/libs/jsonxx/jsonxx.cc; sourceTree = SOURCE_ROOT; };
		853A81F4CCCDA6ABEA1C1FFC /* ofxISF.h */ = {isa = PBXFileReference; explicitFileType = sourcecode.c.h; fileEncoding = 4; name = ofxISF.h; path = ../../../addons/ofxISF/src/ofxISF.h; sourceTree = SOURCE_ROOT; };
		866B272B5D9B4F88B4FB5FD8 /* Chain.h */ = {isa = PBXFileReference; explicitFileType = sourcecode.c.h; fileEncoding = 4; name = Chain.h; path = ../../../addons/ofxISF/src/ofxISF/Chain.h; sourceTree = SOURCE_ROOT; };
		8A1254FD4FD7284078EEE55E /* x509.h */ = {isa = PBXFileReference; explicitFileType = sourcecode.c.h; fileEncoding = 4; name = x509.h; path = ../../../addons/ofxPoco/libs/openssl/include/openssl/x509.h; sourceTree = SOURCE_ROOT; };
		8B1E1E0F1F7DF006BF6F4E80 /* dsa.h */ = {isa = PBXFileReference; explicitFileType = sourcecode.c.h; fileEncoding = 4; name = dsa.h; path = ../../../addons/ofxPoco/libs/openssl/include/openssl/dsa.h; sourceTree = SOURCE_ROOT; };
		8F225C97B6ECA8B22FFB4B76 /* rc5.h */ = {isa = PBXFileReference; explicitFileType = sourcecode.c.h; fileEncoding = 4; name = rc5.h; path = ../../../addons/ofxPoco/libs/openssl/include/openssl/rc5.h; sourceTree = SOURCE_ROOT; };
		926707894A7DC0C9EB74DC0C /* CodeGenerater.h */ = {isa = PBXFileReference; explicitFileType = sourcecode.c.h; fileEncoding = 4; name = CodeGenerater.h; path = ../../../addons/ofxISF/src/ofxISF/CodeGenerater.h; sourceTree = SOURCE_ROOT; };
		98B916CABFC10AC9836EB352 /* cast.h */ = {isa = PBXFileReference; explicitFileType = sourcecode.c.h; fileEncoding = 4; name = cast.h; path = ../../../addons/ofxPoco/libs/openssl/include/openssl/cast.h; sourceTree = SOURCE_ROOT; };
		9A00A37CC5D4BF1FD1883438 /* pem2.h */ = {isa = PBXFileReference; explicitFileType = sourcecode.c.h; fileEncoding = 4; name = pem2.h; path = ../../../addons/ofxPoco/libs/openssl/include/openssl/pem2.h; sourceTree = SOURCE_ROOT; };
		9D907A98D6FF2E95AE4FCFBE /* opensslv.h */ = {isa = PBXFileReference; explicitFileType = sourcecode.c.h; fileEncoding = 4; name = opensslv.h; path = ../../../addons/ofxPoco/libs/openssl/include/openssl/opensslv.h; sourceTree = SOURCE_ROOT; };
		9E41B5C932654328664C3743 /* ocsp.h */ = {isa = PBXFileReference; explicitFileType = sourcecode.c.h; fileEncoding = 4; name = ocsp.h; path = ../../../addons/ofxPoco/libs/openssl/include/openssl/ocsp.h; sourceTree = SOURCE_ROOT; };
		9E67C420F0790C0E12C99190 /* ts.h */ = {isa = PBXFileReference; explicitFileType = sourcecode.c.h; fileEncoding = 4; name = ts.h; path = ../../../addons/ofxPoco/libs/openssl/include/openssl/ts.h; sourceTree = SOURCE_ROOT; };
		A635ED74FA38F1EFA4AD206C /* err.h */ = {isa = PBXFileReference; explicitFileType = sourcecode.c.h; fileEncoding = 4; name = err.h; path = ../../../addons/ofxPoco/libs/openssl/include/openssl/err.h; sourceTree = SOURCE_ROOT; };
		A9AA9F290280E04944C1CEEE /* srp.h */ = {isa = PBXFileReference; explicitFileType = sourcecode.c.h; fileEncoding = 4; name = srp.h; path = ../../../addons/ofxPoco/libs/openssl/include/openssl/srp.h; sourceTree = SOURCE_ROOT; };
		AA136346D730CE2FC0EC85CD /* e_os2.h */ = {isa = PBXFileReference; explicitFileType = sourcecode.c.h; fileEncoding = 4; name = e_os2.h; path = ../../../addons/ofxPoco/libs/openssl/include/openssl/e_os2.h; sourceTree = SOURCE_ROOT; };
		AF53C1FCB4DC2DA249C71CE4 /* asn1t.h */ = {isa = PBXFileReference; explicitFileType = sourcecode.c.h; fileEncoding = 4; name = asn1t.h; path = ../../../addons/ofxPoco/libs/openssl/include/openssl/asn1t.h; sourceTree = SOURCE_ROOT; };
		B1CC96657896D2F948104F3D /* seed.h */ = {isa = PBXFileReference; explicitFileType = sourcecode.c.h; fileEncoding = 4; name = seed.h; path = ../../../addons/ofxPoco/libs/openssl/include/openssl/seed.h; sourceTree = SOURCE_ROOT; };
		B2D9BED8F594CFBBD0821E7E /* mdc2.h */ = {isa = PBXFileReference; explicitFileType = sourcecode.c.h; fileEncoding = 4; name = mdc2.h; path = ../../../addons/ofxPoco/libs/openssl/include/openssl/mdc2.h; sourceTree = SOURCE_ROOT; };
		B3F27E813E1250126AA46F39 /* stack.h */ = {isa = PBXFileReference; explicitFileType = sourcecode.c.h; fileEncoding = 4; name = stack.h; path = ../../../addons/ofxPoco/libs/openssl/include/openssl/stack.h; sourceTree = SOURCE_ROOT; };
		B400F6AD48F06E02F44FD05F /* safestack.h */ = {isa = PBXFileReference; explicitFileType = sourcecode.c.h; fileEncoding = 4; name = safestack.h; path = ../../../addons/ofxPoco/libs/openssl/include/openssl/safestack.h; sourceTree = SOURCE_ROOT; };
		B4F3FCB1CEE7B5D701F79122 /* crypto.h */ = {isa = PBXFileReference; explicitFileType = sourcecode.c.h; fileEncoding = 4; name = crypto.h; path = ../../../addons/ofxPoco/libs/openssl/include/openssl/crypto.h; sourceTree = SOURCE_ROOT; };
		B62DC455BB791E69D877D3B6 /* blowfish.h */ = {isa = PBXFileReference; explicitFileType = sourcecode.c.h; fileEncoding = 4; name = blowfish.h; path = ../../../addons/ofxPoco/libs/openssl/include/openssl/blowfish.h; sourceTree = SOURCE_ROOT; };
		B65483D96A9E876D46C93373 /* srtp.h */ = {isa = PBXFileReference; explicitFileType = sourcecode.c.h; fileEncoding = 4; name = srtp.h; path = ../../../addons/ofxPoco/libs/openssl/include/openssl/srtp.h; sourceTree = SOURCE_ROOT; };
		C04436216C2B8A5144183E83 /* dtls1.h */ = {isa = PBXFileReference; explicitFileType = sourcecode.c.h; fileEncoding = 4; name = dtls1.h; path = ../../../addons/ofxPoco/libs/openssl/include/openssl/dtls1.h; sourceTree = SOURCE_ROOT; };
		C373CBF6422737D147BA8B70 /* objects.h */ = {isa = PBXFileReference; explicitFileType = sourcecode.c.h; fileEncoding = 4; name = objects.h; path = ../../../addons/ofxPoco/libs/openssl/include/openssl/objects.h; sourceTree = SOURCE_ROOT; };
		C388FEB5AAE4ED4271BE782D /* ecdsa.h */ = {isa = PBXFileReference; explicitFileType = sourcecode.c.h; fileEncoding = 4; name = ecdsa.h; path = ../../../addons/ofxPoco/libs/openssl/include/openssl/ecdsa.h; sourceTree = SOURCE_ROOT; };
		C4CA054A26838033180F5EE5 /* camellia.h */ = {isa = PBXFileReference; explicitFileType = sourcecode.c.h; fileEncoding = 4; name = camellia.h; path = ../../../addons/ofxPoco/libs/openssl/include/openssl/camellia.h; sourceTree = SOURCE_ROOT; };
		C63B3CC9BC6C1F5694DC3688 /* Uniforms.h */ = {isa = PBXFileReference; explicitFileType = sourcecode.c.h; fileEncoding = 4; name = Uniforms.h; path = ../../../addons/ofxISF/src/ofxISF/Uniforms.h; sourceTree = SOURCE_ROOT; };
		C9FE1E8D2E9BC8B7F5D308C8 /* asn1.h */ = {isa = PBXFileReference; explicitFileType = sourcecode.c.h; fileEncoding = 4; name = asn1.h; path = ../../../addons/ofxPoco/libs/openssl/include/openssl/asn1.h; sourceTree = SOURCE_ROOT; };
		D1F2D509F3D753BBF52DAA19 /* rc4.h */ = {isa = PBXFileReference; explicitFileType = sourcecode.c.h; fileEncoding = 4; name = rc4.h; path = ../../../addons/ofxPoco/libs/openssl/include/openssl/rc4.h; sourceTree = SOURCE_ROOT; };
		D315839A1D24D10046025C0C /* asn1_mac.h */ = {isa = PBXFileReference; explicitFileType = sourcecode.c.h; fileEncoding = 4; name = asn1_mac.h; path = ../../../addons/ofxPoco/libs/openssl/include/openssl/asn1_mac.h; sourceTree = SOURCE_ROOT; };
		D7D04840334F3A7A5E0022ED /* obj_mac.h */ = {isa = PBXFileReference; explicitFileType = sourcecode.c.h; fileEncoding = 4; name = obj_mac.h; path = ../../../addons/ofxPoco/libs/openssl/include/openssl/obj_mac.h; sourceTree = SOURCE_ROOT; };
		D9A29C9DD4DFDF38F00ECF27 /* pem.h */ = {isa = PBXFileReference; explicitFileType = sourcecode.c.h; fileEncoding = 4; name = pem.h; path = ../../../addons/ofxPoco/libs/openssl/include/openssl/pem.h; sourceTree = SOURCE_ROOT; };
		DB8E8A3E7DBD341637059A64 /* dh.h */ = {isa = PBXFileReference; explicitFileType = sourcecode.c.h; fileEncoding = 4; name = dh.h; path = ../../../addons/ofxPoco/libs/openssl/include/openssl/dh.h; sourceTree = SOURCE_ROOT; };
		DE72DC98030465018D130E67 /* md4.h */ = {isa = PBXFileReference; explicitFileType = sourcecode.c.h; fileEncoding = 4; name = md4.h; path = ../../../addons/ofxPoco/libs/openssl/include/openssl/md4.h; sourceTree = SOURCE_ROOT; };
		E4328143138ABC890047C5CB /* openFrameworksLib.xcodeproj */ = {isa = PBXFileReference; lastKnownFileType = "wrapper.pb-project"; name = openFrameworksLib.xcodeproj; path = ../../../libs/openFrameworksCompiled/project/osx/openFrameworksLib.xcodeproj; sourceTree = SOURCE_ROOT; };
		E4B69B5B0A3A1756003C02F2 /* example-chainDebug.app */ = {isa = PBXFileReference; explicitFileType = wrapper.application; includeInIndex = 0; path = "example-chainDebug.app"; sourceTree = BUILT_PRODUCTS_DIR; };
		E4B69E1E0A3A1BDC003C02F2 /* ofApp.cpp */ = {isa = PBXFileReference; explicitFileType = sourcecode.cpp.cpp; fileEncoding = 4; name = ofApp.cpp; path = src/ofApp.cpp; sourceTree = SOURCE_ROOT; };
		E4B6FCAD0C3E899E008CF71C /* openFrameworks-Info.plist */ = {isa = PBXFileReference; fileEncoding = 4; lastKnownFileType = text.plist.xml; path = "openFrameworks-Info.plist"; sourceTree = "<group>"; };
		E4EB691F138AFCF100A09F29 /* CoreOF.xcconfig */ = {isa = PBXFileReference; fileEncoding = 4; lastKnownFileType = text.xcconfig; name = CoreOF.xcconfig; path = ../../../libs/openFrameworksCompiled/project/osx/CoreOF.xcconfig; sourceTree = SOURCE_ROOT; };
		E4EB6923138AFD0F00A09F29 /* Project.xcconfig */ = {isa = PBXFileReference; fileEncoding = 4; lastKnownFileType = text.xcconfig; path = Project.xcconfig; sourceTree = "<group>"; };
		E78FB8975C07248217E531FA /* kdf.h */ = {isa = PBXFileReference; explicitFileType = sourcecode.c.h; fileEncoding = 4; name = kdf.h; path = ../../../addons/ofxPoco/libs/openssl/include/openssl/kdf.h; sourceTree = SOURCE_ROOT; };
		E811E52684D14AA533F8D72B /* whrlpool.h */ = {isa = PBXFileReference; explicitFileType = sourcecode.c.h; fileEncoding = 4; name = whrlpool.h; path = ../../../addons/ofxPoco/libs/openssl/include/openssl/whrlpool.h; sourceTree = SOURCE_ROOT; };
		E9998694E5001F9CF0B13BF0 /* ofxXmlPoco.cpp */ = {isa = PBXFileReference; explicitFileType = sourcecode.cpp.cpp; fileEncoding = 4; name = ofxXmlPoco.cpp; path = ../../../addons/ofxPoco/src/ofxXmlPoco.cpp; sourceTree = SOURCE_ROOT; };
		EDC40119BA58FB6D9D3D8C17 /* jsonxx.h */ = {isa = PBXFileReference; explicitFileType = sourcecode.c.h; fileEncoding = 4; name = jsonxx.h; path = ../../../addons/ofxISF/libs/jsonxx/jsonxx.h; sourceTree = SOURCE_ROOT; };
		EEC2734565C1EDDDE6616883 /* ripemd.h */ = {isa = PBXFileReference; explicitFileType = sourcecode.c.h; fileEncoding = 4; name = ripemd.h; path = ../../../addons/ofxPoco/libs/openssl/include/openssl/ripemd.h; sourceTree = SOURCE_ROOT; };
		F0B21373033A0907CFFFD055 /* des.h */ = {isa = PBXFileReference; explicitFileType = sourcecode.c.h; fileEncoding = 4; name = des.h; path = ../../../addons/ofxPoco/libs/openssl/include/openssl/des.h; sourceTree = SOURCE_ROOT; };
		FC38939793C78FC6958A321D /* Gui.h */ = {isa = PBXFileReference; explicitFileType = sourcecode.c.h; fileEncoding = 4; name = Gui.h; path = ../../../addons/ofxISF/src/ofxISF/Gui.h; sourceTree = SOURCE_ROOT; };
		FDB04DA12ABAFBA5FFE217C9 /* opensslconf.h */ = {isa = PBXFileReference; explicitFileType = sourcecode.c.h; fileEncoding = 4; name = opensslconf.h; path = ../../../addons/ofxPoco/libs/openssl/include/openssl/opensslconf.h; sourceTree = SOURCE_ROOT; };
		FDC037DF46F0D26E4621F89B /* ossl_typ.h */ = {isa = PBXFileReference; explicitFileType = sourcecode.c.h; fileEncoding = 4; name = ossl_typ.h; path = ../../../addons/ofxPoco/libs/openssl/include/openssl/ossl_typ.h; sourceTree = SOURCE_ROOT; };
/* End PBXFileReference section */

/* Begin PBXFrameworksBuildPhase section */
		E4B69B590A3A1756003C02F2 /* Frameworks */ = {
			isa = PBXFrameworksBuildPhase;
			buildActionMask = 2147483647;
			files = (
				E4328149138ABC9F0047C5CB /* openFrameworksDebug.a in Frameworks */,
			);
			runOnlyForDeploymentPostprocessing = 0;
		};
/* End PBXFrameworksBuildPhase section */

/* Begin PBXGroup section */
		0117D94CE0C695E5E5482BEC /* ofxPoco */ = {
			isa = PBXGroup;
			children = (
				0EFE45161A4E28BDE46D84D0 /* src */,
				959BC13926B6C962531CEF17 /* libs */,
			);
			name = ofxPoco;
			sourceTree = "<group>";
		};
		0EFE45161A4E28BDE46D84D0 /* src */ = {
			isa = PBXGroup;
			children = (
				E9998694E5001F9CF0B13BF0 /* ofxXmlPoco.cpp */,
				7200EB1EC64977ED08AC0111 /* ofxXmlPoco.h */,
			);
			name = src;
			sourceTree = "<group>";
		};
		13C2436A78CDB4354594CA7D /* include */ = {
			isa = PBXGroup;
			children = (
				70E25EBAAB745F09329DDB44 /* openssl */,
			);
			name = include;
			sourceTree = "<group>";
		};
		158005DFF1017639DBA370A9 /* libs */ = {
			isa = PBXGroup;
			children = (
				9F9DC1C06B4574B9F4AA80F6 /* jsonxx */,
			);
			name = libs;
			sourceTree = "<group>";
		};
		2FA81CC42460229BCF0388E1 /* ofxISF */ = {
			isa = PBXGroup;
			children = (
				866B272B5D9B4F88B4FB5FD8 /* Chain.h */,
				139B5E83C7DA63BC5C5F6D9D /* Shader.h */,
				FC38939793C78FC6958A321D /* Gui.h */,
				C63B3CC9BC6C1F5694DC3688 /* Uniforms.h */,
				48488C30B00CB661FCF994D8 /* Constants.h */,
				926707894A7DC0C9EB74DC0C /* CodeGenerater.h */,
			);
			name = ofxISF;
			sourceTree = "<group>";
		};
		6948EE371B920CB800B5AC1A /* local_addons */ = {
			isa = PBXGroup;
			children = (
			);
			name = local_addons;
			sourceTree = "<group>";
		};
		70E25EBAAB745F09329DDB44 /* openssl */ = {
			isa = PBXGroup;
			children = (
				9A00A37CC5D4BF1FD1883438 /* pem2.h */,
				E78FB8975C07248217E531FA /* kdf.h */,
				D9A29C9DD4DFDF38F00ECF27 /* pem.h */,
				5565E3718DB1D46F1214EBFC /* md2.h */,
				40F8AFFCAB8F69A35DA9FD2A /* ssl3.h */,
				FDC037DF46F0D26E4621F89B /* ossl_typ.h */,
				C04436216C2B8A5144183E83 /* dtls1.h */,
				A635ED74FA38F1EFA4AD206C /* err.h */,
				4BF97AC133A743F7D2E222B6 /* bn.h */,
				B62DC455BB791E69D877D3B6 /* blowfish.h */,
				4882CC26D63610292CFADBE9 /* cms.h */,
				1D548216CC2978215BFDAC85 /* engine.h */,
				3196BB02FD710583AD1E8682 /* opensslconf_osx.h */,
				490DE03DA72EE341B37B4BBB /* conf_api.h */,
				8A1254FD4FD7284078EEE55E /* x509.h */,
				D315839A1D24D10046025C0C /* asn1_mac.h */,
				3FED4C887C37A3FD70D004E8 /* ui.h */,
				3F9F5D5E3A4CDE45682F38E2 /* sha.h */,
				0ED9E7E17E11365C9F07BC90 /* symhacks.h */,
				C9FE1E8D2E9BC8B7F5D308C8 /* asn1.h */,
				FDB04DA12ABAFBA5FFE217C9 /* opensslconf.h */,
				37A00AAE55CA7B437073B0C9 /* bio.h */,
				101E00135DD5F4A88AA3119E /* rc2.h */,
				DB8E8A3E7DBD341637059A64 /* dh.h */,
				2A8E6EE70DD635A657EEEC99 /* x509v3.h */,
				61CC1A2E0CC17BE6CE4A68F7 /* conf.h */,
				5749F2535EC575188CD8B7EA /* md5.h */,
				4A941E617512F1E87E294653 /* x509_vfy.h */,
				355218D9B12A28AD4F099029 /* txt_db.h */,
				B400F6AD48F06E02F44FD05F /* safestack.h */,
				C388FEB5AAE4ED4271BE782D /* ecdsa.h */,
				8F225C97B6ECA8B22FFB4B76 /* rc5.h */,
				C373CBF6422737D147BA8B70 /* objects.h */,
				7D3A8C6EA022F43F7B57C119 /* pkcs12.h */,
				B4F3FCB1CEE7B5D701F79122 /* crypto.h */,
				9D907A98D6FF2E95AE4FCFBE /* opensslv.h */,
				413E48C985AFC06586413FB9 /* pkcs7.h */,
				D7D04840334F3A7A5E0022ED /* obj_mac.h */,
				2D45A496EFB9F361A92C1F2A /* ct.h */,
				2A61AA76A834926F81F48ADC /* async.h */,
				0B26945A52EE3207EE20D083 /* buffer.h */,
				16D8E1844A44453A0C287E72 /* ssl.h */,
				A9AA9F290280E04944C1CEEE /* srp.h */,
				C4CA054A26838033180F5EE5 /* camellia.h */,
				67AD080A2A62A398BC832D7A /* evp.h */,
				AA136346D730CE2FC0EC85CD /* e_os2.h */,
				DE72DC98030465018D130E67 /* md4.h */,
				6B4197F8EF581E2F00041258 /* hmac.h */,
				64D45D3FC56C30943AC64D5E /* aes.h */,
				26FD7792D0FC0533A46C4B0D /* comp.h */,
				98B916CABFC10AC9836EB352 /* cast.h */,
				D1F2D509F3D753BBF52DAA19 /* rc4.h */,
				B3F27E813E1250126AA46F39 /* stack.h */,
				F0B21373033A0907CFFFD055 /* des.h */,
				9E41B5C932654328664C3743 /* ocsp.h */,
				2A20F45E8472AF83015D687B /* ec.h */,
				7A6C877B8EC4F7438DED9FB4 /* ecdh.h */,
				56DAF0A34EFCF5E2A5E60386 /* rand.h */,
				9E67C420F0790C0E12C99190 /* ts.h */,
				B1CC96657896D2F948104F3D /* seed.h */,
				17006150745E007FA32014F5 /* modes.h */,
				5CAABABC5D465FF3E4FDBAA0 /* ssl2.h */,
				1C0972A2A90100E10C49938E /* rsa.h */,
				EEC2734565C1EDDDE6616883 /* ripemd.h */,
				E811E52684D14AA533F8D72B /* whrlpool.h */,
				5D05C2B0CBAFC3F9F2F693AF /* tls1.h */,
				B2D9BED8F594CFBBD0821E7E /* mdc2.h */,
				8B1E1E0F1F7DF006BF6F4E80 /* dsa.h */,
				B65483D96A9E876D46C93373 /* srtp.h */,
				AF53C1FCB4DC2DA249C71CE4 /* asn1t.h */,
				1AEDCF9A6D7A9C81A1FFFB82 /* cmac.h */,
				61A673E0354F5DD23699802A /* ebcdic.h */,
				6FAF79F4AD0DC48C239A0E3E /* idea.h */,
				773AA38F169F9C1E793528DC /* lhash.h */,
			);
			name = openssl;
			sourceTree = "<group>";
		};
		959BC13926B6C962531CEF17 /* libs */ = {
			isa = PBXGroup;
			children = (
				B2C98B62869583DB9FE30DA7 /* openssl */,
			);
			name = libs;
			sourceTree = "<group>";
		};
		9F9DC1C06B4574B9F4AA80F6 /* jsonxx */ = {
			isa = PBXGroup;
			children = (
				836E9389FCB0137636BF9C64 /* jsonxx.cc */,
				EDC40119BA58FB6D9D3D8C17 /* jsonxx.h */,
			);
			name = jsonxx;
			sourceTree = "<group>";
		};
		A32972C05AED4081BD245D33 /* ofxISF */ = {
			isa = PBXGroup;
			children = (
				F43F2483DC83AD116C8438B8 /* src */,
				158005DFF1017639DBA370A9 /* libs */,
			);
			name = ofxISF;
			sourceTree = "<group>";
		};
		B2C98B62869583DB9FE30DA7 /* openssl */ = {
			isa = PBXGroup;
			children = (
				13C2436A78CDB4354594CA7D /* include */,
			);
			name = openssl;
			sourceTree = "<group>";
		};
		BB4B014C10F69532006C3DED /* addons */ = {
			isa = PBXGroup;
			children = (
				A32972C05AED4081BD245D33 /* ofxISF */,
				0117D94CE0C695E5E5482BEC /* ofxPoco */,
			);
			name = addons;
			sourceTree = "<group>";
		};
		E4328144138ABC890047C5CB /* Products */ = {
			isa = PBXGroup;
			children = (
				E4328148138ABC890047C5CB /* openFrameworksDebug.a */,
			);
			name = Products;
			sourceTree = "<group>";
		};
		E4B69B4A0A3A1720003C02F2 = {
			isa = PBXGroup;
			children = (
				E4B6FCAD0C3E899E008CF71C /* openFrameworks-Info.plist */,
				E4EB6923138AFD0F00A09F29 /* Project.xcconfig */,
				E4B69E1C0A3A1BDC003C02F2 /* src */,
				E4EEC9E9138DF44700A80321 /* openFrameworks */,
				BB4B014C10F69532006C3DED /* addons */,
				6948EE371B920CB800B5AC1A /* local_addons */,
				E4B69B5B0A3A1756003C02F2 /* example-chainDebug.app */,
			);
			sourceTree = "<group>";
		};
		E4B69E1C0A3A1BDC003C02F2 /* src */ = {
			isa = PBXGroup;
			children = (
				E4B69E1E0A3A1BDC003C02F2 /* ofApp.cpp */,
			);
			path = src;
			sourceTree = SOURCE_ROOT;
		};
		E4EEC9E9138DF44700A80321 /* openFrameworks */ = {
			isa = PBXGroup;
			children = (
				E4EB691F138AFCF100A09F29 /* CoreOF.xcconfig */,
				E4328143138ABC890047C5CB /* openFrameworksLib.xcodeproj */,
			);
			name = openFrameworks;
			sourceTree = "<group>";
		};
		F43F2483DC83AD116C8438B8 /* src */ = {
			isa = PBXGroup;
			children = (
				853A81F4CCCDA6ABEA1C1FFC /* ofxISF.h */,
				2FA81CC42460229BCF0388E1 /* ofxISF */,
			);
			name = src;
			sourceTree = "<group>";
		};
/* End PBXGroup section */

/* Begin PBXNativeTarget section */
		E4B69B5A0A3A1756003C02F2 /* example-chain */ = {
			isa = PBXNativeTarget;
			buildConfigurationList = E4B69B5F0A3A1757003C02F2 /* Build configuration list for PBXNativeTarget "example-chain" */;
			buildPhases = (
				E4B69B580A3A1756003C02F2 /* Sources */,
				E4B69B590A3A1756003C02F2 /* Frameworks */,
				E4B6FFFD0C3F9AB9008CF71C /* ShellScript */,
				E4C2427710CC5ABF004149E2 /* CopyFiles */,
				8466F1851C04CA0E00918B1C /* ShellScript */,
			);
			buildRules = (
			);
			dependencies = (
				E4EEB9AC138B136A00A80321 /* PBXTargetDependency */,
			);
			name = "example-chain";
			productName = myOFApp;
			productReference = E4B69B5B0A3A1756003C02F2 /* example-chainDebug.app */;
			productType = "com.apple.product-type.application";
		};
/* End PBXNativeTarget section */

/* Begin PBXProject section */
		E4B69B4C0A3A1720003C02F2 /* Project object */ = {
			isa = PBXProject;
			attributes = {
				LastUpgradeCheck = 0600;
			};
			buildConfigurationList = E4B69B4D0A3A1720003C02F2 /* Build configuration list for PBXProject "example-chain" */;
			compatibilityVersion = "Xcode 3.2";
			developmentRegion = English;
			hasScannedForEncodings = 0;
			knownRegions = (
				English,
				Japanese,
				French,
				German,
			);
			mainGroup = E4B69B4A0A3A1720003C02F2;
			productRefGroup = E4B69B4A0A3A1720003C02F2;
			projectDirPath = "";
			projectReferences = (
				{
					ProductGroup = E4328144138ABC890047C5CB /* Products */;
					ProjectRef = E4328143138ABC890047C5CB /* openFrameworksLib.xcodeproj */;
				},
			);
			projectRoot = "";
			targets = (
				E4B69B5A0A3A1756003C02F2 /* example-chain */,
			);
		};
/* End PBXProject section */

/* Begin PBXReferenceProxy section */
		E4328148138ABC890047C5CB /* openFrameworksDebug.a */ = {
			isa = PBXReferenceProxy;
			fileType = archive.ar;
			path = openFrameworksDebug.a;
			remoteRef = E4328147138ABC890047C5CB /* PBXContainerItemProxy */;
			sourceTree = BUILT_PRODUCTS_DIR;
		};
/* End PBXReferenceProxy section */

/* Begin PBXShellScriptBuildPhase section */
		8466F1851C04CA0E00918B1C /* ShellScript */ = {
			isa = PBXShellScriptBuildPhase;
			buildActionMask = 12;
			files = (
			);
			inputPaths = (
			);
			outputPaths = (
			);
			runOnlyForDeploymentPostprocessing = 0;
			shellPath = /bin/sh;
			shellScript = "echo \"$GCC_PREPROCESSOR_DEFINITIONS\";\nAPPSTORE=`expr \"$GCC_PREPROCESSOR_DEFINITIONS\" : \".*APPSTORE=\\([0-9]*\\)\"`\nif [ -z \"$APPSTORE\" ] ; then\necho \"Note: Not copying bin/data to App Package or doing App Code signing. Use AppStore target for AppStore distribution\";\nelse\n# Copy bin/data into App/Resources\nrsync -avz --exclude='.DS_Store' \"${SRCROOT}/bin/data/\" \"${TARGET_BUILD_DIR}/${UNLOCALIZED_RESOURCES_FOLDER_PATH}/data/\"\n\n# ---- Code Sign App Package ----\n\n# WARNING: You may have to run Clean in Xcode after changing CODE_SIGN_IDENTITY!\n\n# Verify that $CODE_SIGN_IDENTITY is set\nif [ -z \"${CODE_SIGN_IDENTITY}\" ] ; then\necho \"CODE_SIGN_IDENTITY needs to be set for framework code-signing\"\nexit 0\nfi\n\nif [ -z \"${CODE_SIGN_ENTITLEMENTS}\" ] ; then\necho \"CODE_SIGN_ENTITLEMENTS needs to be set for framework code-signing!\"\n\nif [ \"${CONFIGURATION}\" = \"Release\" ] ; then\nexit 1\nelse\n# Code-signing is optional for non-release builds.\nexit 0\nfi\nfi\n\nITEMS=\"\"\n\nFRAMEWORKS_DIR=\"${TARGET_BUILD_DIR}/${FRAMEWORKS_FOLDER_PATH}\"\necho \"$FRAMEWORKS_DIR\"\nif [ -d \"$FRAMEWORKS_DIR\" ] ; then\nFRAMEWORKS=$(find \"${FRAMEWORKS_DIR}\" -depth -type d -name \"*.framework\" -or -name \"*.dylib\" -or -name \"*.bundle\" | sed -e \"s/\\(.*framework\\)/\\1\\/Versions\\/A\\//\")\nRESULT=$?\nif [[ $RESULT != 0 ]] ; then\nexit 1\nfi\n\nITEMS=\"${FRAMEWORKS}\"\nfi\n\nLOGINITEMS_DIR=\"${TARGET_BUILD_DIR}/${CONTENTS_FOLDER_PATH}/Library/LoginItems/\"\nif [ -d \"$LOGINITEMS_DIR\" ] ; then\nLOGINITEMS=$(find \"${LOGINITEMS_DIR}\" -depth -type d -name \"*.app\")\nRESULT=$?\nif [[ $RESULT != 0 ]] ; then\nexit 1\nfi\n\nITEMS=\"${ITEMS}\"$'\\n'\"${LOGINITEMS}\"\nfi\n\n# Prefer the expanded name, if available.\nCODE_SIGN_IDENTITY_FOR_ITEMS=\"${EXPANDED_CODE_SIGN_IDENTITY_NAME}\"\nif [ \"${CODE_SIGN_IDENTITY_FOR_ITEMS}\" = \"\" ] ; then\n# Fall back to old behavior.\nCODE_SIGN_IDENTITY_FOR_ITEMS=\"${CODE_SIGN_IDENTITY}\"\nfi\n\necho \"Identity:\"\necho \"${CODE_SIGN_IDENTITY_FOR_ITEMS}\"\n\necho \"Entitlements:\"\necho \"${CODE_SIGN_ENTITLEMENTS}\"\n\necho \"Found:\"\necho \"${ITEMS}\"\n\n# Change the Internal Field Separator (IFS) so that spaces in paths will not cause problems below.\nSAVED_IFS=$IFS\nIFS=$(echo -en \"\\n\\b\")\n\n# Loop through all items.\nfor ITEM in $ITEMS;\ndo\necho \"Signing '${ITEM}'\"\ncodesign --force --verbose --sign \"${CODE_SIGN_IDENTITY_FOR_ITEMS}\" --entitlements \"${CODE_SIGN_ENTITLEMENTS}\" \"${ITEM}\"\nRESULT=$?\nif [[ $RESULT != 0 ]] ; then\necho \"Failed to sign '${ITEM}'.\"\nIFS=$SAVED_IFS\nexit 1\nfi\ndone\n\n# Restore $IFS.\nIFS=$SAVED_IFS\n\nfi\n";
		};
		E4B6FFFD0C3F9AB9008CF71C /* ShellScript */ = {
			isa = PBXShellScriptBuildPhase;
			buildActionMask = 2147483647;
			files = (
			);
			inputPaths = (
			);
			outputPaths = (
			);
			runOnlyForDeploymentPostprocessing = 0;
			shellPath = /bin/sh;
			shellScript = "mkdir -p \"$TARGET_BUILD_DIR/$PRODUCT_NAME.app/Contents/Resources/\"\n# Copy default icon file into App/Resources\nrsync -aved \"$ICON_FILE\" \"$TARGET_BUILD_DIR/$PRODUCT_NAME.app/Contents/Resources/\"\n# Copy libfmod and change install directory for fmod to run\nrsync -aved \"$OF_PATH/libs/fmodex/lib/osx/libfmodex.dylib\" \"$TARGET_BUILD_DIR/$PRODUCT_NAME.app/Contents/Frameworks/\";\ninstall_name_tool -change @executable_path/libfmodex.dylib @executable_path/../Frameworks/libfmodex.dylib \"$TARGET_BUILD_DIR/$PRODUCT_NAME.app/Contents/MacOS/$PRODUCT_NAME\";\n\necho \"$GCC_PREPROCESSOR_DEFINITIONS\";\n";
		};
/* End PBXShellScriptBuildPhase section */

/* Begin PBXSourcesBuildPhase section */
		E4B69B580A3A1756003C02F2 /* Sources */ = {
			isa = PBXSourcesBuildPhase;
			buildActionMask = 2147483647;
			files = (
				E4B69E210A3A1BDC003C02F2 /* ofApp.cpp in Sources */,
				DBD8FC18048834FE22DB0E74 /* jsonxx.cc in Sources */,
				1C36947250DCB09A8A375C0C /* ofxXmlPoco.cpp in Sources */,
			);
			runOnlyForDeploymentPostprocessing = 0;
		};
/* End PBXSourcesBuildPhase section */

/* Begin PBXTargetDependency section */
		E4EEB9AC138B136A00A80321 /* PBXTargetDependency */ = {
			isa = PBXTargetDependency;
			name = openFrameworks;
			targetProxy = E4EEB9AB138B136A00A80321 /* PBXContainerItemProxy */;
		};
/* End PBXTargetDependency section */

/* Begin XCBuildConfiguration section */
		99FA3DBB1C7456C400CFA0EE /* AppStore */ = {
			isa = XCBuildConfiguration;
			baseConfigurationReference = E4EB6923138AFD0F00A09F29 /* Project.xcconfig */;
			buildSettings = {
				CONFIGURATION_BUILD_DIR = "$(SRCROOT)/bin/";
				COPY_PHASE_STRIP = YES;
				DEAD_CODE_STRIPPING = YES;
				GCC_AUTO_VECTORIZATION = YES;
				GCC_ENABLE_SSE3_EXTENSIONS = YES;
				GCC_ENABLE_SUPPLEMENTAL_SSE3_INSTRUCTIONS = YES;
				GCC_INLINES_ARE_PRIVATE_EXTERN = NO;
				GCC_OPTIMIZATION_LEVEL = 3;
				"GCC_PREPROCESSOR_DEFINITIONS[arch=*]" = "DISTRIBUTION=1";
				GCC_SYMBOLS_PRIVATE_EXTERN = NO;
				GCC_UNROLL_LOOPS = YES;
				GCC_WARN_ABOUT_DEPRECATED_FUNCTIONS = YES;
				GCC_WARN_ABOUT_INVALID_OFFSETOF_MACRO = NO;
				GCC_WARN_ALLOW_INCOMPLETE_PROTOCOL = NO;
				GCC_WARN_UNINITIALIZED_AUTOS = NO;
				GCC_WARN_UNUSED_VALUE = NO;
				GCC_WARN_UNUSED_VARIABLE = NO;
				HEADER_SEARCH_PATHS = (
					"$(OF_CORE_HEADERS)",
					src,
					../../../addons/ofxISF/libs,
					../../../addons/ofxISF/libs/jsonxx,
					../../../addons/ofxISF/src,
					../../../addons/ofxISF/src/ofxISF,
					../../../addons/ofxPoco/libs/poco/include,
					../../../addons/ofxPoco/src,
					../../../addons/ofxPoco/libs/openssl/include,
				);
				MACOSX_DEPLOYMENT_TARGET = 10.9;
				OTHER_CPLUSPLUSFLAGS = (
					"-D__MACOSX_CORE__",
					"-mtune=native",
				);
				OTHER_LDFLAGS = (
					"$(OF_CORE_FRAMEWORKS)",
					"$(OF_CORE_LIBS)",
					../../../addons/ofxPoco/libs/poco/lib/osx/PocoNetSSL.a,
					../../../addons/ofxPoco/libs/poco/lib/osx/PocoNet.a,
					../../../addons/ofxPoco/libs/poco/lib/osx/PocoCrypto.a,
					../../../addons/ofxPoco/libs/poco/lib/osx/PocoUtil.a,
					../../../addons/ofxPoco/libs/poco/lib/osx/PocoJSON.a,
					../../../addons/ofxPoco/libs/poco/lib/osx/PocoXML.a,
					../../../addons/ofxPoco/libs/poco/lib/osx/PocoFoundation.a,
					../../../addons/ofxPoco/libs/openssl/lib/osx/crypto.a,
					../../../addons/ofxPoco/libs/openssl/lib/osx/ssl.a,
				);
				SDKROOT = macosx;
			};
			name = AppStore;
		};
		99FA3DBC1C7456C400CFA0EE /* AppStore */ = {
			isa = XCBuildConfiguration;
			baseConfigurationReference = E4EB6923138AFD0F00A09F29 /* Project.xcconfig */;
			buildSettings = {
				COMBINE_HIDPI_IMAGES = YES;
				COPY_PHASE_STRIP = YES;
				FRAMEWORK_SEARCH_PATHS = "$(inherited)";
				GCC_GENERATE_DEBUGGING_SYMBOLS = YES;
				GCC_MODEL_TUNING = NONE;
				"GCC_PREPROCESSOR_DEFINITIONS[arch=*]" = "APPSTORE=1";
				HEADER_SEARCH_PATHS = (
					"$(OF_CORE_HEADERS)",
					src,
					../../../addons/ofxISF/libs,
					../../../addons/ofxISF/libs/jsonxx,
					../../../addons/ofxISF/src,
					../../../addons/ofxISF/src/ofxISF,
					../../../addons/ofxPoco/libs/poco/include,
					../../../addons/ofxPoco/src,
					../../../addons/ofxPoco/libs/openssl/include,
				);
				ICON = "$(ICON_NAME_RELEASE)";
				ICON_FILE = "$(ICON_FILE_PATH)$(ICON)";
				INFOPLIST_FILE = "openFrameworks-Info.plist";
				INSTALL_PATH = /Applications;
				LIBRARY_SEARCH_PATHS = "$(inherited)";
				OTHER_LDFLAGS = (
					"$(OF_CORE_FRAMEWORKS)",
					"$(OF_CORE_LIBS)",
					../../../addons/ofxPoco/libs/poco/lib/osx/PocoNetSSL.a,
					../../../addons/ofxPoco/libs/poco/lib/osx/PocoNet.a,
					../../../addons/ofxPoco/libs/poco/lib/osx/PocoCrypto.a,
					../../../addons/ofxPoco/libs/poco/lib/osx/PocoUtil.a,
					../../../addons/ofxPoco/libs/poco/lib/osx/PocoJSON.a,
					../../../addons/ofxPoco/libs/poco/lib/osx/PocoXML.a,
					../../../addons/ofxPoco/libs/poco/lib/osx/PocoFoundation.a,
					../../../addons/ofxPoco/libs/openssl/lib/osx/crypto.a,
					../../../addons/ofxPoco/libs/openssl/lib/osx/ssl.a,
				);
				PRODUCT_NAME = "$(TARGET_NAME)";
				WRAPPER_EXTENSION = app;
				baseConfigurationReference = E4EB6923138AFD0F00A09F29;
			};
			name = AppStore;
		};
		E4B69B4E0A3A1720003C02F2 /* Debug */ = {
			isa = XCBuildConfiguration;
			baseConfigurationReference = E4EB6923138AFD0F00A09F29 /* Project.xcconfig */;
			buildSettings = {
				CONFIGURATION_BUILD_DIR = "$(SRCROOT)/bin/";
				COPY_PHASE_STRIP = NO;
				DEAD_CODE_STRIPPING = YES;
				GCC_AUTO_VECTORIZATION = YES;
				GCC_ENABLE_SSE3_EXTENSIONS = YES;
				GCC_ENABLE_SUPPLEMENTAL_SSE3_INSTRUCTIONS = YES;
				GCC_INLINES_ARE_PRIVATE_EXTERN = NO;
				GCC_OPTIMIZATION_LEVEL = 0;
				GCC_SYMBOLS_PRIVATE_EXTERN = NO;
				GCC_WARN_ABOUT_DEPRECATED_FUNCTIONS = YES;
				GCC_WARN_ABOUT_INVALID_OFFSETOF_MACRO = NO;
				GCC_WARN_ALLOW_INCOMPLETE_PROTOCOL = NO;
				GCC_WARN_UNINITIALIZED_AUTOS = NO;
				GCC_WARN_UNUSED_VALUE = NO;
				GCC_WARN_UNUSED_VARIABLE = NO;
				HEADER_SEARCH_PATHS = (
					"$(OF_CORE_HEADERS)",
					src,
					../../../addons/ofxISF/libs,
					../../../addons/ofxISF/libs/jsonxx,
					../../../addons/ofxISF/src,
					../../../addons/ofxISF/src/ofxISF,
					../../../addons/ofxPoco/libs/poco/include,
					../../../addons/ofxPoco/src,
					../../../addons/ofxPoco/libs/openssl/include,
				);
				MACOSX_DEPLOYMENT_TARGET = 10.9;
				ONLY_ACTIVE_ARCH = YES;
				OTHER_CPLUSPLUSFLAGS = (
					"-D__MACOSX_CORE__",
					"-mtune=native",
				);
				OTHER_LDFLAGS = (
					"$(OF_CORE_FRAMEWORKS)",
					"$(OF_CORE_LIBS)",
					../../../addons/ofxPoco/libs/poco/lib/osx/PocoNetSSL.a,
					../../../addons/ofxPoco/libs/poco/lib/osx/PocoNet.a,
					../../../addons/ofxPoco/libs/poco/lib/osx/PocoCrypto.a,
					../../../addons/ofxPoco/libs/poco/lib/osx/PocoUtil.a,
					../../../addons/ofxPoco/libs/poco/lib/osx/PocoJSON.a,
					../../../addons/ofxPoco/libs/poco/lib/osx/PocoXML.a,
					../../../addons/ofxPoco/libs/poco/lib/osx/PocoFoundation.a,
					../../../addons/ofxPoco/libs/openssl/lib/osx/crypto.a,
					../../../addons/ofxPoco/libs/openssl/lib/osx/ssl.a,
				);
				SDKROOT = macosx;
			};
			name = Debug;
		};
		E4B69B4F0A3A1720003C02F2 /* Release */ = {
			isa = XCBuildConfiguration;
			baseConfigurationReference = E4EB6923138AFD0F00A09F29 /* Project.xcconfig */;
			buildSettings = {
				CONFIGURATION_BUILD_DIR = "$(SRCROOT)/bin/";
				COPY_PHASE_STRIP = YES;
				DEAD_CODE_STRIPPING = YES;
				GCC_AUTO_VECTORIZATION = YES;
				GCC_ENABLE_SSE3_EXTENSIONS = YES;
				GCC_ENABLE_SUPPLEMENTAL_SSE3_INSTRUCTIONS = YES;
				GCC_INLINES_ARE_PRIVATE_EXTERN = NO;
				GCC_OPTIMIZATION_LEVEL = 3;
				GCC_SYMBOLS_PRIVATE_EXTERN = NO;
				GCC_UNROLL_LOOPS = YES;
				GCC_WARN_ABOUT_DEPRECATED_FUNCTIONS = YES;
				GCC_WARN_ABOUT_INVALID_OFFSETOF_MACRO = NO;
				GCC_WARN_ALLOW_INCOMPLETE_PROTOCOL = NO;
				GCC_WARN_UNINITIALIZED_AUTOS = NO;
				GCC_WARN_UNUSED_VALUE = NO;
				GCC_WARN_UNUSED_VARIABLE = NO;
				HEADER_SEARCH_PATHS = (
					"$(OF_CORE_HEADERS)",
					src,
					../../../addons/ofxISF/libs,
					../../../addons/ofxISF/libs/jsonxx,
					../../../addons/ofxISF/src,
					../../../addons/ofxISF/src/ofxISF,
					../../../addons/ofxPoco/libs/poco/include,
					../../../addons/ofxPoco/src,
					../../../addons/ofxPoco/libs/openssl/include,
				);
				MACOSX_DEPLOYMENT_TARGET = 10.9;
				OTHER_CPLUSPLUSFLAGS = (
					"-D__MACOSX_CORE__",
					"-mtune=native",
				);
				OTHER_LDFLAGS = (
					"$(OF_CORE_FRAMEWORKS)",
					"$(OF_CORE_LIBS)",
					../../../addons/ofxPoco/libs/poco/lib/osx/PocoNetSSL.a,
					../../../addons/ofxPoco/libs/poco/lib/osx/PocoNet.a,
					../../../addons/ofxPoco/libs/poco/lib/osx/PocoCrypto.a,
					../../../addons/ofxPoco/libs/poco/lib/osx/PocoUtil.a,
					../../../addons/ofxPoco/libs/poco/lib/osx/PocoJSON.a,
					../../../addons/ofxPoco/libs/poco/lib/osx/PocoXML.a,
					../../../addons/ofxPoco/libs/poco/lib/osx/PocoFoundation.a,
					../../../addons/ofxPoco/libs/openssl/lib/osx/crypto.a,
					../../../addons/ofxPoco/libs/openssl/lib/osx/ssl.a,
				);
				SDKROOT = macosx;
			};
			name = Release;
		};
		E4B69B600A3A1757003C02F2 /* Debug */ = {
			isa = XCBuildConfiguration;
			baseConfigurationReference = E4EB6923138AFD0F00A09F29 /* Project.xcconfig */;
			buildSettings = {
				COMBINE_HIDPI_IMAGES = YES;
				COPY_PHASE_STRIP = NO;
				FRAMEWORK_SEARCH_PATHS = "$(inherited)";
				GCC_DYNAMIC_NO_PIC = NO;
				GCC_GENERATE_DEBUGGING_SYMBOLS = YES;
				GCC_MODEL_TUNING = NONE;
				HEADER_SEARCH_PATHS = (
					"$(OF_CORE_HEADERS)",
					src,
					../../../addons/ofxISF/libs,
					../../../addons/ofxISF/libs/jsonxx,
					../../../addons/ofxISF/src,
					../../../addons/ofxISF/src/ofxISF,
					../../../addons/ofxPoco/libs/poco/include,
					../../../addons/ofxPoco/src,
					../../../addons/ofxPoco/libs/openssl/include,
				);
				ICON = "$(ICON_NAME_DEBUG)";
				ICON_FILE = "$(ICON_FILE_PATH)$(ICON)";
				INFOPLIST_FILE = "openFrameworks-Info.plist";
				INSTALL_PATH = /Applications;
				LIBRARY_SEARCH_PATHS = "$(inherited)";
				OTHER_LDFLAGS = (
					"$(OF_CORE_FRAMEWORKS)",
					"$(OF_CORE_LIBS)",
					../../../addons/ofxPoco/libs/poco/lib/osx/PocoNetSSL.a,
					../../../addons/ofxPoco/libs/poco/lib/osx/PocoNet.a,
					../../../addons/ofxPoco/libs/poco/lib/osx/PocoCrypto.a,
					../../../addons/ofxPoco/libs/poco/lib/osx/PocoUtil.a,
					../../../addons/ofxPoco/libs/poco/lib/osx/PocoJSON.a,
					../../../addons/ofxPoco/libs/poco/lib/osx/PocoXML.a,
					../../../addons/ofxPoco/libs/poco/lib/osx/PocoFoundation.a,
					../../../addons/ofxPoco/libs/openssl/lib/osx/crypto.a,
					../../../addons/ofxPoco/libs/openssl/lib/osx/ssl.a,
				);
				PRODUCT_NAME = "$(TARGET_NAME)Debug";
				WRAPPER_EXTENSION = app;
			};
			name = Debug;
		};
		E4B69B610A3A1757003C02F2 /* Release */ = {
			isa = XCBuildConfiguration;
			baseConfigurationReference = E4EB6923138AFD0F00A09F29 /* Project.xcconfig */;
			buildSettings = {
				COMBINE_HIDPI_IMAGES = YES;
				COPY_PHASE_STRIP = YES;
				FRAMEWORK_SEARCH_PATHS = "$(inherited)";
				GCC_GENERATE_DEBUGGING_SYMBOLS = YES;
				GCC_MODEL_TUNING = NONE;
				HEADER_SEARCH_PATHS = (
					"$(OF_CORE_HEADERS)",
					src,
					../../../addons/ofxISF/libs,
					../../../addons/ofxISF/libs/jsonxx,
					../../../addons/ofxISF/src,
					../../../addons/ofxISF/src/ofxISF,
					../../../addons/ofxPoco/libs/poco/include,
					../../../addons/ofxPoco/src,
					../../../addons/ofxPoco/libs/openssl/include,
				);
				ICON = "$(ICON_NAME_RELEASE)";
				ICON_FILE = "$(ICON_FILE_PATH)$(ICON)";
				INFOPLIST_FILE = "openFrameworks-Info.plist";
				INSTALL_PATH = /Applications;
				LIBRARY_SEARCH_PATHS = "$(inherited)";
				OTHER_LDFLAGS = (
					"$(OF_CORE_FRAMEWORKS)",
					"$(OF_CORE_LIBS)",
					../../../addons/ofxPoco/libs/poco/lib/osx/PocoNetSSL.a,
					../../../addons/ofxPoco/libs/poco/lib/osx/PocoNet.a,
					../../../addons/ofxPoco/libs/poco/lib/osx/PocoCrypto.a,
					../../../addons/ofxPoco/libs/poco/lib/osx/PocoUtil.a,
					../../../addons/ofxPoco/libs/poco/lib/osx/PocoJSON.a,
					../../../addons/ofxPoco/libs/poco/lib/osx/PocoXML.a,
					../../../addons/ofxPoco/libs/poco/lib/osx/PocoFoundation.a,
					../../../addons/ofxPoco/libs/openssl/lib/osx/crypto.a,
					../../../addons/ofxPoco/libs/openssl/lib/osx/ssl.a,
				);
				PRODUCT_NAME = "$(TARGET_NAME)";
				WRAPPER_EXTENSION = app;
				baseConfigurationReference = E4EB6923138AFD0F00A09F29;
			};
			name = Release;
		};
/* End XCBuildConfiguration section */

/* Begin XCConfigurationList section */
		E4B69B4D0A3A1720003C02F2 /* Build configuration list for PBXProject "example-chain" */ = {
			isa = XCConfigurationList;
			buildConfigurations = (
				E4B69B4E0A3A1720003C02F2 /* Debug */,
				E4B69B4F0A3A1720003C02F2 /* Release */,
				99FA3DBB1C7456C400CFA0EE /* AppStore */,
			);
			defaultConfigurationIsVisible = 0;
			defaultConfigurationName = Release;
		};
		E4B69B5F0A3A1757003C02F2 /* Build configuration list for PBXNativeTarget "example-chain" */ = {
			isa = XCConfigurationList;
			buildConfigurations = (
				E4B69B600A3A1757003C02F2 /* Debug */,
				E4B69B610A3A1757003C02F2 /* Release */,
				99FA3DBC1C7456C400CFA0EE /* AppStore */,
			);
			defaultConfigurationIsVisible = 0;
			defaultConfigurationName = Release;
		};
/* End XCConfigurationList section */
	};
	rootObject = E4B69B4C0A3A1720003C02F2 /* Project object */;
}
